// !$*UTF8*$!
{
	archiveVersion = 1;
	classes = {
	};
	objectVersion = 56;
	objects = {

/* Begin PBXBuildFile section */
		239AF33E2A234CB6006EECE7 /* VerticalCollectionViewCell.swift in Sources */ = {isa = PBXBuildFile; fileRef = 239AF33C2A234CB6006EECE7 /* VerticalCollectionViewCell.swift */; };
		239AF33F2A234CB6006EECE7 /* VerticalCollectionViewCell.xib in Resources */ = {isa = PBXBuildFile; fileRef = 239AF33D2A234CB6006EECE7 /* VerticalCollectionViewCell.xib */; };
		23D59A9D2A22CC99009EA95C /* AppDelegate.swift in Sources */ = {isa = PBXBuildFile; fileRef = 23D59A9C2A22CC99009EA95C /* AppDelegate.swift */; };
		23D59A9F2A22CC99009EA95C /* SceneDelegate.swift in Sources */ = {isa = PBXBuildFile; fileRef = 23D59A9E2A22CC99009EA95C /* SceneDelegate.swift */; };
		23D59AA12A22CC99009EA95C /* ViewController.swift in Sources */ = {isa = PBXBuildFile; fileRef = 23D59AA02A22CC99009EA95C /* ViewController.swift */; };
		23D59AA42A22CC99009EA95C /* Main.storyboard in Resources */ = {isa = PBXBuildFile; fileRef = 23D59AA22A22CC99009EA95C /* Main.storyboard */; };
		23D59AA62A22CC9D009EA95C /* Assets.xcassets in Resources */ = {isa = PBXBuildFile; fileRef = 23D59AA52A22CC9D009EA95C /* Assets.xcassets */; };
		23D59AA92A22CC9D009EA95C /* LaunchScreen.storyboard in Resources */ = {isa = PBXBuildFile; fileRef = 23D59AA72A22CC9D009EA95C /* LaunchScreen.storyboard */; };
		23D59AB22A22D04C009EA95C /* Test1CollectionViewCell.swift in Sources */ = {isa = PBXBuildFile; fileRef = 23D59AB02A22D04C009EA95C /* Test1CollectionViewCell.swift */; };
		23D59AB32A22D04C009EA95C /* Test1CollectionViewCell.xib in Resources */ = {isa = PBXBuildFile; fileRef = 23D59AB12A22D04C009EA95C /* Test1CollectionViewCell.xib */; };
/* End PBXBuildFile section */

/* Begin PBXFileReference section */
		239AF33C2A234CB6006EECE7 /* VerticalCollectionViewCell.swift */ = {isa = PBXFileReference; lastKnownFileType = sourcecode.swift; path = VerticalCollectionViewCell.swift; sourceTree = "<group>"; };
		239AF33D2A234CB6006EECE7 /* VerticalCollectionViewCell.xib */ = {isa = PBXFileReference; lastKnownFileType = file.xib; path = VerticalCollectionViewCell.xib; sourceTree = "<group>"; };
		23D59A992A22CC99009EA95C /* testCompositionalLayouts.app */ = {isa = PBXFileReference; explicitFileType = wrapper.application; includeInIndex = 0; path = testCompositionalLayouts.app; sourceTree = BUILT_PRODUCTS_DIR; };
		23D59A9C2A22CC99009EA95C /* AppDelegate.swift */ = {isa = PBXFileReference; lastKnownFileType = sourcecode.swift; path = AppDelegate.swift; sourceTree = "<group>"; };
		23D59A9E2A22CC99009EA95C /* SceneDelegate.swift */ = {isa = PBXFileReference; lastKnownFileType = sourcecode.swift; path = SceneDelegate.swift; sourceTree = "<group>"; };
		23D59AA02A22CC99009EA95C /* ViewController.swift */ = {isa = PBXFileReference; lastKnownFileType = sourcecode.swift; path = ViewController.swift; sourceTree = "<group>"; };
		23D59AA32A22CC99009EA95C /* Base */ = {isa = PBXFileReference; lastKnownFileType = file.storyboard; name = Base; path = Base.lproj/Main.storyboard; sourceTree = "<group>"; };
		23D59AA52A22CC9D009EA95C /* Assets.xcassets */ = {isa = PBXFileReference; lastKnownFileType = folder.assetcatalog; path = Assets.xcassets; sourceTree = "<group>"; };
		23D59AA82A22CC9D009EA95C /* Base */ = {isa = PBXFileReference; lastKnownFileType = file.storyboard; name = Base; path = Base.lproj/LaunchScreen.storyboard; sourceTree = "<group>"; };
		23D59AAA2A22CC9D009EA95C /* Info.plist */ = {isa = PBXFileReference; lastKnownFileType = text.plist.xml; path = Info.plist; sourceTree = "<group>"; };
		23D59AB02A22D04C009EA95C /* Test1CollectionViewCell.swift */ = {isa = PBXFileReference; lastKnownFileType = sourcecode.swift; path = Test1CollectionViewCell.swift; sourceTree = "<group>"; };
		23D59AB12A22D04C009EA95C /* Test1CollectionViewCell.xib */ = {isa = PBXFileReference; lastKnownFileType = file.xib; path = Test1CollectionViewCell.xib; sourceTree = "<group>"; };
/* End PBXFileReference section */

/* Begin PBXFrameworksBuildPhase section */
		23D59A962A22CC99009EA95C /* Frameworks */ = {
			isa = PBXFrameworksBuildPhase;
			buildActionMask = 2147483647;
			files = (
			);
			runOnlyForDeploymentPostprocessing = 0;
		};
/* End PBXFrameworksBuildPhase section */

/* Begin PBXGroup section */
		23D59A902A22CC99009EA95C = {
			isa = PBXGroup;
			children = (
				23D59A9B2A22CC99009EA95C /* testCompositionalLayouts */,
				23D59A9A2A22CC99009EA95C /* Products */,
			);
			sourceTree = "<group>";
		};
		23D59A9A2A22CC99009EA95C /* Products */ = {
			isa = PBXGroup;
			children = (
				23D59A992A22CC99009EA95C /* testCompositionalLayouts.app */,
			);
			name = Products;
			sourceTree = "<group>";
		};
		23D59A9B2A22CC99009EA95C /* testCompositionalLayouts */ = {
			isa = PBXGroup;
			children = (
				23D59A9C2A22CC99009EA95C /* AppDelegate.swift */,
				23D59A9E2A22CC99009EA95C /* SceneDelegate.swift */,
				23D59AA02A22CC99009EA95C /* ViewController.swift */,
				239AF33C2A234CB6006EECE7 /* VerticalCollectionViewCell.swift */,
				239AF33D2A234CB6006EECE7 /* VerticalCollectionViewCell.xib */,
				23D59AB02A22D04C009EA95C /* Test1CollectionViewCell.swift */,
				23D59AB12A22D04C009EA95C /* Test1CollectionViewCell.xib */,
				23D59AA22A22CC99009EA95C /* Main.storyboard */,
				23D59AA52A22CC9D009EA95C /* Assets.xcassets */,
				23D59AA72A22CC9D009EA95C /* LaunchScreen.storyboard */,
				23D59AAA2A22CC9D009EA95C /* Info.plist */,
			);
			path = testCompositionalLayouts;
			sourceTree = "<group>";
		};
/* End PBXGroup section */

/* Begin PBXNativeTarget section */
		23D59A982A22CC99009EA95C /* testCompositionalLayouts */ = {
			isa = PBXNativeTarget;
			buildConfigurationList = 23D59AAD2A22CC9D009EA95C /* Build configuration list for PBXNativeTarget "testCompositionalLayouts" */;
			buildPhases = (
				23D59A952A22CC99009EA95C /* Sources */,
				23D59A962A22CC99009EA95C /* Frameworks */,
				23D59A972A22CC99009EA95C /* Resources */,
			);
			buildRules = (
			);
			dependencies = (
			);
			name = testCompositionalLayouts;
			productName = testCompositionalLayouts;
			productReference = 23D59A992A22CC99009EA95C /* testCompositionalLayouts.app */;
			productType = "com.apple.product-type.application";
		};
/* End PBXNativeTarget section */

/* Begin PBXProject section */
		23D59A912A22CC99009EA95C /* Project object */ = {
			isa = PBXProject;
			attributes = {
				BuildIndependentTargetsInParallel = 1;
				LastSwiftUpdateCheck = 1420;
				LastUpgradeCheck = 1420;
				TargetAttributes = {
					23D59A982A22CC99009EA95C = {
						CreatedOnToolsVersion = 14.2;
					};
				};
			};
			buildConfigurationList = 23D59A942A22CC99009EA95C /* Build configuration list for PBXProject "testCompositionalLayouts" */;
			compatibilityVersion = "Xcode 14.0";
			developmentRegion = en;
			hasScannedForEncodings = 0;
			knownRegions = (
				en,
				Base,
			);
			mainGroup = 23D59A902A22CC99009EA95C;
			productRefGroup = 23D59A9A2A22CC99009EA95C /* Products */;
			projectDirPath = "";
			projectRoot = "";
			targets = (
				23D59A982A22CC99009EA95C /* testCompositionalLayouts */,
			);
		};
/* End PBXProject section */

/* Begin PBXResourcesBuildPhase section */
		23D59A972A22CC99009EA95C /* Resources */ = {
			isa = PBXResourcesBuildPhase;
			buildActionMask = 2147483647;
			files = (
				239AF33F2A234CB6006EECE7 /* VerticalCollectionViewCell.xib in Resources */,
				23D59AB32A22D04C009EA95C /* Test1CollectionViewCell.xib in Resources */,
				23D59AA92A22CC9D009EA95C /* LaunchScreen.storyboard in Resources */,
				23D59AA62A22CC9D009EA95C /* Assets.xcassets in Resources */,
				23D59AA42A22CC99009EA95C /* Main.storyboard in Resources */,
			);
			runOnlyForDeploymentPostprocessing = 0;
		};
/* End PBXResourcesBuildPhase section */

/* Begin PBXSourcesBuildPhase section */
		23D59A952A22CC99009EA95C /* Sources */ = {
			isa = PBXSourcesBuildPhase;
			buildActionMask = 2147483647;
			files = (
				23D59AB22A22D04C009EA95C /* Test1CollectionViewCell.swift in Sources */,
				23D59AA12A22CC99009EA95C /* ViewController.swift in Sources */,
				23D59A9D2A22CC99009EA95C /* AppDelegate.swift in Sources */,
				23D59A9F2A22CC99009EA95C /* SceneDelegate.swift in Sources */,
				239AF33E2A234CB6006EECE7 /* VerticalCollectionViewCell.swift in Sources */,
			);
			runOnlyForDeploymentPostprocessing = 0;
		};
/* End PBXSourcesBuildPhase section */

/* Begin PBXVariantGroup section */
		23D59AA22A22CC99009EA95C /* Main.storyboard */ = {
			isa = PBXVariantGroup;
			children = (
				23D59AA32A22CC99009EA95C /* Base */,
			);
			name = Main.storyboard;
			sourceTree = "<group>";
		};
		23D59AA72A22CC9D009EA95C /* LaunchScreen.storyboard */ = {
			isa = PBXVariantGroup;
			children = (
				23D59AA82A22CC9D009EA95C /* Base */,
			);
			name = LaunchScreen.storyboard;
			sourceTree = "<group>";
		};
/* End PBXVariantGroup section */

/* Begin XCBuildConfiguration section */
		23D59AAB2A22CC9D009EA95C /* Debug */ = {
			isa = XCBuildConfiguration;
			buildSettings = {
				ALWAYS_SEARCH_USER_PATHS = NO;
				CLANG_ANALYZER_NONNULL = YES;
				CLANG_ANALYZER_NUMBER_OBJECT_CONVERSION = YES_AGGRESSIVE;
				CLANG_CXX_LANGUAGE_STANDARD = "gnu++20";
				CLANG_ENABLE_MODULES = YES;
				CLANG_ENABLE_OBJC_ARC = YES;
				CLANG_ENABLE_OBJC_WEAK = YES;
				CLANG_WARN_BLOCK_CAPTURE_AUTORELEASING = YES;
				CLANG_WARN_BOOL_CONVERSION = YES;
				CLANG_WARN_COMMA = YES;
				CLANG_WARN_CONSTANT_CONVERSION = YES;
				CLANG_WARN_DEPRECATED_OBJC_IMPLEMENTATIONS = YES;
				CLANG_WARN_DIRECT_OBJC_ISA_USAGE = YES_ERROR;
				CLANG_WARN_DOCUMENTATION_COMMENTS = YES;
				CLANG_WARN_EMPTY_BODY = YES;
				CLANG_WARN_ENUM_CONVERSION = YES;
				CLANG_WARN_INFINITE_RECURSION = YES;
				CLANG_WARN_INT_CONVERSION = YES;
				CLANG_WARN_NON_LITERAL_NULL_CONVERSION = YES;
				CLANG_WARN_OBJC_IMPLICIT_RETAIN_SELF = YES;
				CLANG_WARN_OBJC_LITERAL_CONVERSION = YES;
				CLANG_WARN_OBJC_ROOT_CLASS = YES_ERROR;
				CLANG_WARN_QUOTED_INCLUDE_IN_FRAMEWORK_HEADER = YES;
				CLANG_WARN_RANGE_LOOP_ANALYSIS = YES;
				CLANG_WARN_STRICT_PROTOTYPES = YES;
				CLANG_WARN_SUSPICIOUS_MOVE = YES;
				CLANG_WARN_UNGUARDED_AVAILABILITY = YES_AGGRESSIVE;
				CLANG_WARN_UNREACHABLE_CODE = YES;
				CLANG_WARN__DUPLICATE_METHOD_MATCH = YES;
				COPY_PHASE_STRIP = NO;
				DEBUG_INFORMATION_FORMAT = dwarf;
				ENABLE_STRICT_OBJC_MSGSEND = YES;
				ENABLE_TESTABILITY = YES;
				GCC_C_LANGUAGE_STANDARD = gnu11;
				GCC_DYNAMIC_NO_PIC = NO;
				GCC_NO_COMMON_BLOCKS = YES;
				GCC_OPTIMIZATION_LEVEL = 0;
				GCC_PREPROCESSOR_DEFINITIONS = (
					"DEBUG=1",
					"$(inherited)",
				);
				GCC_WARN_64_TO_32_BIT_CONVERSION = YES;
				GCC_WARN_ABOUT_RETURN_TYPE = YES_ERROR;
				GCC_WARN_UNDECLARED_SELECTOR = YES;
				GCC_WARN_UNINITIALIZED_AUTOS = YES_AGGRESSIVE;
				GCC_WARN_UNUSED_FUNCTION = YES;
				GCC_WARN_UNUSED_VARIABLE = YES;
				IPHONEOS_DEPLOYMENT_TARGET = 16.2;
				MTL_ENABLE_DEBUG_INFO = INCLUDE_SOURCE;
				MTL_FAST_MATH = YES;
				ONLY_ACTIVE_ARCH = YES;
				SDKROOT = iphoneos;
				SWIFT_ACTIVE_COMPILATION_CONDITIONS = DEBUG;
				SWIFT_OPTIMIZATION_LEVEL = "-Onone";
			};
			name = Debug;
		};
		23D59AAC2A22CC9D009EA95C /* Release */ = {
			isa = XCBuildConfiguration;
			buildSettings = {
				ALWAYS_SEARCH_USER_PATHS = NO;
				CLANG_ANALYZER_NONNULL = YES;
				CLANG_ANALYZER_NUMBER_OBJECT_CONVERSION = YES_AGGRESSIVE;
				CLANG_CXX_LANGUAGE_STANDARD = "gnu++20";
				CLANG_ENABLE_MODULES = YES;
				CLANG_ENABLE_OBJC_ARC = YES;
				CLANG_ENABLE_OBJC_WEAK = YES;
				CLANG_WARN_BLOCK_CAPTURE_AUTORELEASING = YES;
				CLANG_WARN_BOOL_CONVERSION = YES;
				CLANG_WARN_COMMA = YES;
				CLANG_WARN_CONSTANT_CONVERSION = YES;
				CLANG_WARN_DEPRECATED_OBJC_IMPLEMENTATIONS = YES;
				CLANG_WARN_DIRECT_OBJC_ISA_USAGE = YES_ERROR;
				CLANG_WARN_DOCUMENTATION_COMMENTS = YES;
				CLANG_WARN_EMPTY_BODY = YES;
				CLANG_WARN_ENUM_CONVERSION = YES;
				CLANG_WARN_INFINITE_RECURSION = YES;
				CLANG_WARN_INT_CONVERSION = YES;
				CLANG_WARN_NON_LITERAL_NULL_CONVERSION = YES;
				CLANG_WARN_OBJC_IMPLICIT_RETAIN_SELF = YES;
				CLANG_WARN_OBJC_LITERAL_CONVERSION = YES;
				CLANG_WARN_OBJC_ROOT_CLASS = YES_ERROR;
				CLANG_WARN_QUOTED_INCLUDE_IN_FRAMEWORK_HEADER = YES;
				CLANG_WARN_RANGE_LOOP_ANALYSIS = YES;
				CLANG_WARN_STRICT_PROTOTYPES = YES;
				CLANG_WARN_SUSPICIOUS_MOVE = YES;
				CLANG_WARN_UNGUARDED_AVAILABILITY = YES_AGGRESSIVE;
				CLANG_WARN_UNREACHABLE_CODE = YES;
				CLANG_WARN__DUPLICATE_METHOD_MATCH = YES;
				COPY_PHASE_STRIP = NO;
				DEBUG_INFORMATION_FORMAT = "dwarf-with-dsym";
				ENABLE_NS_ASSERTIONS = NO;
				ENABLE_STRICT_OBJC_MSGSEND = YES;
				GCC_C_LANGUAGE_STANDARD = gnu11;
				GCC_NO_COMMON_BLOCKS = YES;
				GCC_WARN_64_TO_32_BIT_CONVERSION = YES;
				GCC_WARN_ABOUT_RETURN_TYPE = YES_ERROR;
				GCC_WARN_UNDECLARED_SELECTOR = YES;
				GCC_WARN_UNINITIALIZED_AUTOS = YES_AGGRESSIVE;
				GCC_WARN_UNUSED_FUNCTION = YES;
				GCC_WARN_UNUSED_VARIABLE = YES;
				IPHONEOS_DEPLOYMENT_TARGET = 16.2;
				MTL_ENABLE_DEBUG_INFO = NO;
				MTL_FAST_MATH = YES;
				SDKROOT = iphoneos;
				SWIFT_COMPILATION_MODE = wholemodule;
				SWIFT_OPTIMIZATION_LEVEL = "-O";
				VALIDATE_PRODUCT = YES;
			};
			name = Release;
		};
		23D59AAE2A22CC9D009EA95C /* Debug */ = {
			isa = XCBuildConfiguration;
			buildSettings = {
				ASSETCATALOG_COMPILER_APPICON_NAME = AppIcon;
				ASSETCATALOG_COMPILER_GLOBAL_ACCENT_COLOR_NAME = AccentColor;
				CODE_SIGN_STYLE = Automatic;
				CURRENT_PROJECT_VERSION = 1;
				DEVELOPMENT_TEAM = 3YQX667AM4;
				GENERATE_INFOPLIST_FILE = YES;
				INFOPLIST_FILE = testCompositionalLayouts/Info.plist;
				INFOPLIST_KEY_LSApplicationCategoryType = "";
				INFOPLIST_KEY_UIApplicationSupportsIndirectInputEvents = YES;
				INFOPLIST_KEY_UILaunchStoryboardName = LaunchScreen;
				INFOPLIST_KEY_UIMainStoryboardFile = Main;
				INFOPLIST_KEY_UISupportedInterfaceOrientations_iPad = "UIInterfaceOrientationPortrait UIInterfaceOrientationPortraitUpsideDown UIInterfaceOrientationLandscapeLeft UIInterfaceOrientationLandscapeRight";
				INFOPLIST_KEY_UISupportedInterfaceOrientations_iPhone = "UIInterfaceOrientationPortrait UIInterfaceOrientationLandscapeLeft UIInterfaceOrientationLandscapeRight";
				INFOPLIST_KEY_UIUserInterfaceStyle = "";
				IPHONEOS_DEPLOYMENT_TARGET = 15.0;
				LD_RUNPATH_SEARCH_PATHS = (
					"$(inherited)",
					"@executable_path/Frameworks",
				);
				MARKETING_VERSION = 1.0;
				PRODUCT_BUNDLE_IDENTIFIER = com.musictheater.testCompositionalLayouts;
				PRODUCT_NAME = "$(TARGET_NAME)";
				SWIFT_EMIT_LOC_STRINGS = YES;
				SWIFT_VERSION = 5.0;
				TARGETED_DEVICE_FAMILY = "1,2";
			};
			name = Debug;
		};
		23D59AAF2A22CC9D009EA95C /* Release */ = {
			isa = XCBuildConfiguration;
			buildSettings = {
				ASSETCATALOG_COMPILER_APPICON_NAME = AppIcon;
				ASSETCATALOG_COMPILER_GLOBAL_ACCENT_COLOR_NAME = AccentColor;
				CODE_SIGN_STYLE = Automatic;
				CURRENT_PROJECT_VERSION = 1;
				DEVELOPMENT_TEAM = 3YQX667AM4;
				GENERATE_INFOPLIST_FILE = YES;
				INFOPLIST_FILE = testCompositionalLayouts/Info.plist;
				INFOPLIST_KEY_LSApplicationCategoryType = "";
				INFOPLIST_KEY_UIApplicationSupportsIndirectInputEvents = YES;
				INFOPLIST_KEY_UILaunchStoryboardName = LaunchScreen;
				INFOPLIST_KEY_UIMainStoryboardFile = Main;
				INFOPLIST_KEY_UISupportedInterfaceOrientations_iPad = "UIInterfaceOrientationPortrait UIInterfaceOrientationPortraitUpsideDown UIInterfaceOrientationLandscapeLeft UIInterfaceOrientationLandscapeRight";
				INFOPLIST_KEY_UISupportedInterfaceOrientations_iPhone = "UIInterfaceOrientationPortrait UIInterfaceOrientationLandscapeLeft UIInterfaceOrientationLandscapeRight";
				INFOPLIST_KEY_UIUserInterfaceStyle = "";
				IPHONEOS_DEPLOYMENT_TARGET = 15.0;
				LD_RUNPATH_SEARCH_PATHS = (
					"$(inherited)",
					"@executable_path/Frameworks",
				);
				MARKETING_VERSION = 1.0;
				PRODUCT_BUNDLE_IDENTIFIER = com.musictheater.testCompositionalLayouts;
				PRODUCT_NAME = "$(TARGET_NAME)";
				SWIFT_EMIT_LOC_STRINGS = YES;
				SWIFT_VERSION = 5.0;
				TARGETED_DEVICE_FAMILY = "1,2";
			};
			name = Release;
		};
/* End XCBuildConfiguration section */

/* Begin XCConfigurationList section */
		23D59A942A22CC99009EA95C /* Build configuration list for PBXProject "testCompositionalLayouts" */ = {
			isa = XCConfigurationList;
			buildConfigurations = (
				23D59AAB2A22CC9D009EA95C /* Debug */,
				23D59AAC2A22CC9D009EA95C /* Release */,
			);
			defaultConfigurationIsVisible = 0;
			defaultConfigurationName = Release;
		};
		23D59AAD2A22CC9D009EA95C /* Build configuration list for PBXNativeTarget "testCompositionalLayouts" */ = {
			isa = XCConfigurationList;
			buildConfigurations = (
				23D59AAE2A22CC9D009EA95C /* Debug */,
				23D59AAF2A22CC9D009EA95C /* Release */,
			);
			defaultConfigurationIsVisible = 0;
			defaultConfigurationName = Release;
		};
/* End XCConfigurationList section */
	};
	rootObject = 23D59A912A22CC99009EA95C /* Project object */;
}
